
Microsoft Visual Studio Solution File, Format Version 12.00
# Visual Studio Version 16
VisualStudioVersion = 16.0.29021.104
MinimumVisualStudioVersion = 10.0.40219.1
Project("{FAE04EC0-301F-11D3-BF4B-00C04F79EFBC}") = "createsecret", "createsecret\createsecret.csproj", "{9DB25997-D417-4B65-A275-5352068AF8BE}"
EndProject
Global
	GlobalSection(SolutionConfigurationPlatforms) = preSolution
		Debug|Any CPU = Debug|Any CPU
		Release|Any CPU = Release|Any CPU
	EndGlobalSection
	GlobalSection(ProjectConfigurationPlatforms) = postSolution
		{9DB25997-D417-4B65-A275-5352068AF8BE}.Debug|Any CPU.ActiveCfg = Debug|Any CPU
		{9DB25997-D417-4B65-A275-5352068AF8BE}.Debug|Any CPU.Build.0 = Debug|Any CPU
		{9DB25997-D417-4B65-A275-5352068AF8BE}.Release|Any CPU.ActiveCfg = Release|Any CPU
		{9DB25997-D417-4B65-A275-5352068AF8BE}.Release|Any CPU.Build.0 = Release|Any CPU
	EndGlobalSection
	GlobalSection(SolutionProperties) = preSolution
		HideSolutionNode = FALSE
	EndGlobalSection
	GlobalSection(ExtensibilityGlobals) = postSolution
		SolutionGuid = {62185B60-C25D-4D9A-BC02-0994644E8FFC}
	EndGlobalSection
EndGlobal
